
Microsoft Visual Studio Solution File, Format Version 12.00
# Visual Studio 15
VisualStudioVersion = 15.0.26124.0
MinimumVisualStudioVersion = 15.0.26124.0
Project("{FAE04EC0-301F-11D3-BF4B-00C04F79EFBC}") = "Bruto.CompensationNaturaCompanyCarComponent", "Bruto.CompensationNaturaCompanyCarComponent\Bruto.CompensationNaturaCompanyCarComponent.csproj", "{AE9F77E4-C7C6-405F-839B-0401B04B1233}"
EndProject
Project("{FAE04EC0-301F-11D3-BF4B-00C04F79EFBC}") = "Bruto.SocialSecurityComponent", "Bruto.SocialSecurityComponent\Bruto.SocialSecurityComponent.csproj", "{E0B0400D-2A4D-452C-8297-FFF92611C23F}"
EndProject
Project("{FAE04EC0-301F-11D3-BF4B-00C04F79EFBC}") = "Bruto.SocialWorkBonusComponent", "Bruto.SocialWorkBonusComponent\Bruto.SocialWorkBonusComponent.csproj", "{6EAABA8D-666E-41BD-A37B-2E20C83B4EDD}"
EndProject
Project("{FAE04EC0-301F-11D3-BF4B-00C04F79EFBC}") = "Netto.AdvancesComponent", "Netto.AdvancesComponent\Netto.AdvancesComponent.csproj", "{7C2CEBD2-3F55-4173-8C44-794469B1EBE5}"
EndProject
Project("{FAE04EC0-301F-11D3-BF4B-00C04F79EFBC}") = "Taxable.ChildrenOnChargeComponent", "Taxable.ChildrenOnChargeComponent\Taxable.ChildrenOnChargeComponent.csproj", "{C5A357DE-5BA3-40E3-80BB-44F433FEDBC0}"
EndProject
Project("{FAE04EC0-301F-11D3-BF4B-00C04F79EFBC}") = "Taxable.CompensationForBusinessTravelComponent", "Taxable.CompensationForBusinessTravelComponent\Taxable.CompensationForBusinessTravelComponent.csproj", "{EBC1AF7F-B2BA-49ED-A67B-4CC0E8228E1A}"
EndProject
Project("{FAE04EC0-301F-11D3-BF4B-00C04F79EFBC}") = "Taxable.CompensationForMobilePhoneComponent", "Taxable.CompensationForMobilePhoneComponent\Taxable.CompensationForMobilePhoneComponent.csproj", "{CA510112-7AB6-496E-9D57-DDEE9F996662}"
EndProject
Project("{FAE04EC0-301F-11D3-BF4B-00C04F79EFBC}") = "Taxable.CostsForTheEmployerComponent", "Taxable.CostsForTheEmployerComponent\Taxable.CostsForTheEmployerComponent.csproj", "{E3BA293F-E2C2-472B-B41E-80F1B02B54F6}"
EndProject
Project("{FAE04EC0-301F-11D3-BF4B-00C04F79EFBC}") = "Taxable.DeductionCompanyCarComponent", "Taxable.DeductionCompanyCarComponent\Taxable.DeductionCompanyCarComponent.csproj", "{1F1D63BF-72F9-46FB-A946-F740D8F20928}"
EndProject
Project("{FAE04EC0-301F-11D3-BF4B-00C04F79EFBC}") = "Taxable.DeductionForSmallWagesComponent", "Taxable.DeductionForSmallWagesComponent\Taxable.DeductionForSmallWagesComponent.csproj", "{41F7EB73-2C92-4169-A2CC-0F1C534E1EC7}"
EndProject
Project("{FAE04EC0-301F-11D3-BF4B-00C04F79EFBC}") = "Taxable.DeductionMobilePhoneComponent", "Taxable.DeductionMobilePhoneComponent\Taxable.DeductionMobilePhoneComponent.csproj", "{D3EFDBE7-9E02-446C-8E72-0156148BA790}"
EndProject
Project("{FAE04EC0-301F-11D3-BF4B-00C04F79EFBC}") = "Taxable.FiscalWorkBonusComponent", "Taxable.FiscalWorkBonusComponent\Taxable.FiscalWorkBonusComponent.csproj", "{F859D83B-9B1E-445C-9941-DC4F936D999D}"
EndProject
Project("{FAE04EC0-301F-11D3-BF4B-00C04F79EFBC}") = "Taxable.MealVoucherComponent", "Taxable.MealVoucherComponent\Taxable.MealVoucherComponent.csproj", "{EA1403C0-1BAA-48CD-9699-87F383607224}"
EndProject
Project("{FAE04EC0-301F-11D3-BF4B-00C04F79EFBC}") = "Taxable.NonTaxableCompanyCarCompensationComponent", "Taxable.NonTaxableCompanyCarCompensationComponent\Taxable.NonTaxableCompanyCarCompensationComponent.csproj", "{3FAC6DE9-1002-40F7-AD18-1C31A97C9D69}"
EndProject
Project("{FAE04EC0-301F-11D3-BF4B-00C04F79EFBC}") = "Taxable.SpecialContributionForSocialSecurityComponent", "Taxable.SpecialContributionForSocialSecurityComponent\Taxable.SpecialContributionForSocialSecurityComponent.csproj", "{400EDA34-DC3E-44E5-8E29-F0B8618673B5}"
EndProject
Project("{FAE04EC0-301F-11D3-BF4B-00C04F79EFBC}") = "Taxable.WithholdingTaxOnProfessionalIncomeMonthlyComponent", "Taxable.WithholdingTaxOnProfessionalIncomeMonthlyComponent\Taxable.WithholdingTaxOnProfessionalIncomeMonthlyComponent.csproj", "{68CA152F-6E86-435A-89BD-F8B890142BF7}"
EndProject
Project("{FAE04EC0-301F-11D3-BF4B-00C04F79EFBC}") = "Wage.BlueCollarWageComponent", "Wage.BlueCollarWageComponent\Wage.BlueCollarWageComponent.csproj", "{0896499B-D16A-4303-B54C-A850137D245D}"
EndProject
Project("{FAE04EC0-301F-11D3-BF4B-00C04F79EFBC}") = "Wage.DayCompensationComponent", "Wage.DayCompensationComponent\Wage.DayCompensationComponent.csproj", "{EBB6F194-27D3-4024-B766-E81D8AB73297}"
EndProject
Project("{FAE04EC0-301F-11D3-BF4B-00C04F79EFBC}") = "Wage.MobilePhoneCompensationComponent", "Wage.MobilePhoneCompensationComponent\Wage.MobilePhoneCompensationComponent.csproj", "{845E81AB-D728-4D57-9C68-9C0D6A22EE45}"
EndProject
Project("{FAE04EC0-301F-11D3-BF4B-00C04F79EFBC}") = "Wage.WhiteCollarWageComponent", "Wage.WhiteCollarWageComponent\Wage.WhiteCollarWageComponent.csproj", "{B7E2FAE9-0139-4F3A-BBF2-25A30EAB306B}"
EndProject
Global
	GlobalSection(SolutionConfigurationPlatforms) = preSolution
		Debug|Any CPU = Debug|Any CPU
		Debug|x64 = Debug|x64
		Debug|x86 = Debug|x86
		Release|Any CPU = Release|Any CPU
		Release|x64 = Release|x64
		Release|x86 = Release|x86
	EndGlobalSection
	GlobalSection(SolutionProperties) = preSolution
		HideSolutionNode = FALSE
	EndGlobalSection
	GlobalSection(ProjectConfigurationPlatforms) = postSolution
		{AE9F77E4-C7C6-405F-839B-0401B04B1233}.Debug|Any CPU.ActiveCfg = Debug|Any CPU
		{AE9F77E4-C7C6-405F-839B-0401B04B1233}.Debug|Any CPU.Build.0 = Debug|Any CPU
		{AE9F77E4-C7C6-405F-839B-0401B04B1233}.Debug|x64.ActiveCfg = Debug|Any CPU
		{AE9F77E4-C7C6-405F-839B-0401B04B1233}.Debug|x64.Build.0 = Debug|Any CPU
		{AE9F77E4-C7C6-405F-839B-0401B04B1233}.Debug|x86.ActiveCfg = Debug|Any CPU
		{AE9F77E4-C7C6-405F-839B-0401B04B1233}.Debug|x86.Build.0 = Debug|Any CPU
		{AE9F77E4-C7C6-405F-839B-0401B04B1233}.Release|Any CPU.ActiveCfg = Release|Any CPU
		{AE9F77E4-C7C6-405F-839B-0401B04B1233}.Release|Any CPU.Build.0 = Release|Any CPU
		{AE9F77E4-C7C6-405F-839B-0401B04B1233}.Release|x64.ActiveCfg = Release|Any CPU
		{AE9F77E4-C7C6-405F-839B-0401B04B1233}.Release|x64.Build.0 = Release|Any CPU
		{AE9F77E4-C7C6-405F-839B-0401B04B1233}.Release|x86.ActiveCfg = Release|Any CPU
		{AE9F77E4-C7C6-405F-839B-0401B04B1233}.Release|x86.Build.0 = Release|Any CPU
		{E0B0400D-2A4D-452C-8297-FFF92611C23F}.Debug|Any CPU.ActiveCfg = Debug|Any CPU
		{E0B0400D-2A4D-452C-8297-FFF92611C23F}.Debug|Any CPU.Build.0 = Debug|Any CPU
		{E0B0400D-2A4D-452C-8297-FFF92611C23F}.Debug|x64.ActiveCfg = Debug|Any CPU
		{E0B0400D-2A4D-452C-8297-FFF92611C23F}.Debug|x64.Build.0 = Debug|Any CPU
		{E0B0400D-2A4D-452C-8297-FFF92611C23F}.Debug|x86.ActiveCfg = Debug|Any CPU
		{E0B0400D-2A4D-452C-8297-FFF92611C23F}.Debug|x86.Build.0 = Debug|Any CPU
		{E0B0400D-2A4D-452C-8297-FFF92611C23F}.Release|Any CPU.ActiveCfg = Release|Any CPU
		{E0B0400D-2A4D-452C-8297-FFF92611C23F}.Release|Any CPU.Build.0 = Release|Any CPU
		{E0B0400D-2A4D-452C-8297-FFF92611C23F}.Release|x64.ActiveCfg = Release|Any CPU
		{E0B0400D-2A4D-452C-8297-FFF92611C23F}.Release|x64.Build.0 = Release|Any CPU
		{E0B0400D-2A4D-452C-8297-FFF92611C23F}.Release|x86.ActiveCfg = Release|Any CPU
		{E0B0400D-2A4D-452C-8297-FFF92611C23F}.Release|x86.Build.0 = Release|Any CPU
		{6EAABA8D-666E-41BD-A37B-2E20C83B4EDD}.Debug|Any CPU.ActiveCfg = Debug|Any CPU
		{6EAABA8D-666E-41BD-A37B-2E20C83B4EDD}.Debug|Any CPU.Build.0 = Debug|Any CPU
		{6EAABA8D-666E-41BD-A37B-2E20C83B4EDD}.Debug|x64.ActiveCfg = Debug|Any CPU
		{6EAABA8D-666E-41BD-A37B-2E20C83B4EDD}.Debug|x64.Build.0 = Debug|Any CPU
		{6EAABA8D-666E-41BD-A37B-2E20C83B4EDD}.Debug|x86.ActiveCfg = Debug|Any CPU
		{6EAABA8D-666E-41BD-A37B-2E20C83B4EDD}.Debug|x86.Build.0 = Debug|Any CPU
		{6EAABA8D-666E-41BD-A37B-2E20C83B4EDD}.Release|Any CPU.ActiveCfg = Release|Any CPU
		{6EAABA8D-666E-41BD-A37B-2E20C83B4EDD}.Release|Any CPU.Build.0 = Release|Any CPU
		{6EAABA8D-666E-41BD-A37B-2E20C83B4EDD}.Release|x64.ActiveCfg = Release|Any CPU
		{6EAABA8D-666E-41BD-A37B-2E20C83B4EDD}.Release|x64.Build.0 = Release|Any CPU
		{6EAABA8D-666E-41BD-A37B-2E20C83B4EDD}.Release|x86.ActiveCfg = Release|Any CPU
		{6EAABA8D-666E-41BD-A37B-2E20C83B4EDD}.Release|x86.Build.0 = Release|Any CPU
		{7C2CEBD2-3F55-4173-8C44-794469B1EBE5}.Debug|Any CPU.ActiveCfg = Debug|Any CPU
		{7C2CEBD2-3F55-4173-8C44-794469B1EBE5}.Debug|Any CPU.Build.0 = Debug|Any CPU
		{7C2CEBD2-3F55-4173-8C44-794469B1EBE5}.Debug|x64.ActiveCfg = Debug|Any CPU
		{7C2CEBD2-3F55-4173-8C44-794469B1EBE5}.Debug|x64.Build.0 = Debug|Any CPU
		{7C2CEBD2-3F55-4173-8C44-794469B1EBE5}.Debug|x86.ActiveCfg = Debug|Any CPU
		{7C2CEBD2-3F55-4173-8C44-794469B1EBE5}.Debug|x86.Build.0 = Debug|Any CPU
		{7C2CEBD2-3F55-4173-8C44-794469B1EBE5}.Release|Any CPU.ActiveCfg = Release|Any CPU
		{7C2CEBD2-3F55-4173-8C44-794469B1EBE5}.Release|Any CPU.Build.0 = Release|Any CPU
		{7C2CEBD2-3F55-4173-8C44-794469B1EBE5}.Release|x64.ActiveCfg = Release|Any CPU
		{7C2CEBD2-3F55-4173-8C44-794469B1EBE5}.Release|x64.Build.0 = Release|Any CPU
		{7C2CEBD2-3F55-4173-8C44-794469B1EBE5}.Release|x86.ActiveCfg = Release|Any CPU
		{7C2CEBD2-3F55-4173-8C44-794469B1EBE5}.Release|x86.Build.0 = Release|Any CPU
		{C5A357DE-5BA3-40E3-80BB-44F433FEDBC0}.Debug|Any CPU.ActiveCfg = Debug|Any CPU
		{C5A357DE-5BA3-40E3-80BB-44F433FEDBC0}.Debug|Any CPU.Build.0 = Debug|Any CPU
		{C5A357DE-5BA3-40E3-80BB-44F433FEDBC0}.Debug|x64.ActiveCfg = Debug|Any CPU
		{C5A357DE-5BA3-40E3-80BB-44F433FEDBC0}.Debug|x64.Build.0 = Debug|Any CPU
		{C5A357DE-5BA3-40E3-80BB-44F433FEDBC0}.Debug|x86.ActiveCfg = Debug|Any CPU
		{C5A357DE-5BA3-40E3-80BB-44F433FEDBC0}.Debug|x86.Build.0 = Debug|Any CPU
		{C5A357DE-5BA3-40E3-80BB-44F433FEDBC0}.Release|Any CPU.ActiveCfg = Release|Any CPU
		{C5A357DE-5BA3-40E3-80BB-44F433FEDBC0}.Release|Any CPU.Build.0 = Release|Any CPU
		{C5A357DE-5BA3-40E3-80BB-44F433FEDBC0}.Release|x64.ActiveCfg = Release|Any CPU
		{C5A357DE-5BA3-40E3-80BB-44F433FEDBC0}.Release|x64.Build.0 = Release|Any CPU
		{C5A357DE-5BA3-40E3-80BB-44F433FEDBC0}.Release|x86.ActiveCfg = Release|Any CPU
		{C5A357DE-5BA3-40E3-80BB-44F433FEDBC0}.Release|x86.Build.0 = Release|Any CPU
		{EBC1AF7F-B2BA-49ED-A67B-4CC0E8228E1A}.Debug|Any CPU.ActiveCfg = Debug|Any CPU
		{EBC1AF7F-B2BA-49ED-A67B-4CC0E8228E1A}.Debug|Any CPU.Build.0 = Debug|Any CPU
		{EBC1AF7F-B2BA-49ED-A67B-4CC0E8228E1A}.Debug|x64.ActiveCfg = Debug|Any CPU
		{EBC1AF7F-B2BA-49ED-A67B-4CC0E8228E1A}.Debug|x64.Build.0 = Debug|Any CPU
		{EBC1AF7F-B2BA-49ED-A67B-4CC0E8228E1A}.Debug|x86.ActiveCfg = Debug|Any CPU
		{EBC1AF7F-B2BA-49ED-A67B-4CC0E8228E1A}.Debug|x86.Build.0 = Debug|Any CPU
		{EBC1AF7F-B2BA-49ED-A67B-4CC0E8228E1A}.Release|Any CPU.ActiveCfg = Release|Any CPU
		{EBC1AF7F-B2BA-49ED-A67B-4CC0E8228E1A}.Release|Any CPU.Build.0 = Release|Any CPU
		{EBC1AF7F-B2BA-49ED-A67B-4CC0E8228E1A}.Release|x64.ActiveCfg = Release|Any CPU
		{EBC1AF7F-B2BA-49ED-A67B-4CC0E8228E1A}.Release|x64.Build.0 = Release|Any CPU
		{EBC1AF7F-B2BA-49ED-A67B-4CC0E8228E1A}.Release|x86.ActiveCfg = Release|Any CPU
		{EBC1AF7F-B2BA-49ED-A67B-4CC0E8228E1A}.Release|x86.Build.0 = Release|Any CPU
		{CA510112-7AB6-496E-9D57-DDEE9F996662}.Debug|Any CPU.ActiveCfg = Debug|Any CPU
		{CA510112-7AB6-496E-9D57-DDEE9F996662}.Debug|Any CPU.Build.0 = Debug|Any CPU
		{CA510112-7AB6-496E-9D57-DDEE9F996662}.Debug|x64.ActiveCfg = Debug|Any CPU
		{CA510112-7AB6-496E-9D57-DDEE9F996662}.Debug|x64.Build.0 = Debug|Any CPU
		{CA510112-7AB6-496E-9D57-DDEE9F996662}.Debug|x86.ActiveCfg = Debug|Any CPU
		{CA510112-7AB6-496E-9D57-DDEE9F996662}.Debug|x86.Build.0 = Debug|Any CPU
		{CA510112-7AB6-496E-9D57-DDEE9F996662}.Release|Any CPU.ActiveCfg = Release|Any CPU
		{CA510112-7AB6-496E-9D57-DDEE9F996662}.Release|Any CPU.Build.0 = Release|Any CPU
		{CA510112-7AB6-496E-9D57-DDEE9F996662}.Release|x64.ActiveCfg = Release|Any CPU
		{CA510112-7AB6-496E-9D57-DDEE9F996662}.Release|x64.Build.0 = Release|Any CPU
		{CA510112-7AB6-496E-9D57-DDEE9F996662}.Release|x86.ActiveCfg = Release|Any CPU
		{CA510112-7AB6-496E-9D57-DDEE9F996662}.Release|x86.Build.0 = Release|Any CPU
		{E3BA293F-E2C2-472B-B41E-80F1B02B54F6}.Debug|Any CPU.ActiveCfg = Debug|Any CPU
		{E3BA293F-E2C2-472B-B41E-80F1B02B54F6}.Debug|Any CPU.Build.0 = Debug|Any CPU
		{E3BA293F-E2C2-472B-B41E-80F1B02B54F6}.Debug|x64.ActiveCfg = Debug|Any CPU
		{E3BA293F-E2C2-472B-B41E-80F1B02B54F6}.Debug|x64.Build.0 = Debug|Any CPU
		{E3BA293F-E2C2-472B-B41E-80F1B02B54F6}.Debug|x86.ActiveCfg = Debug|Any CPU
		{E3BA293F-E2C2-472B-B41E-80F1B02B54F6}.Debug|x86.Build.0 = Debug|Any CPU
		{E3BA293F-E2C2-472B-B41E-80F1B02B54F6}.Release|Any CPU.ActiveCfg = Release|Any CPU
		{E3BA293F-E2C2-472B-B41E-80F1B02B54F6}.Release|Any CPU.Build.0 = Release|Any CPU
		{E3BA293F-E2C2-472B-B41E-80F1B02B54F6}.Release|x64.ActiveCfg = Release|Any CPU
		{E3BA293F-E2C2-472B-B41E-80F1B02B54F6}.Release|x64.Build.0 = Release|Any CPU
		{E3BA293F-E2C2-472B-B41E-80F1B02B54F6}.Release|x86.ActiveCfg = Release|Any CPU
		{E3BA293F-E2C2-472B-B41E-80F1B02B54F6}.Release|x86.Build.0 = Release|Any CPU
		{1F1D63BF-72F9-46FB-A946-F740D8F20928}.Debug|Any CPU.ActiveCfg = Debug|Any CPU
		{1F1D63BF-72F9-46FB-A946-F740D8F20928}.Debug|Any CPU.Build.0 = Debug|Any CPU
		{1F1D63BF-72F9-46FB-A946-F740D8F20928}.Debug|x64.ActiveCfg = Debug|Any CPU
		{1F1D63BF-72F9-46FB-A946-F740D8F20928}.Debug|x64.Build.0 = Debug|Any CPU
		{1F1D63BF-72F9-46FB-A946-F740D8F20928}.Debug|x86.ActiveCfg = Debug|Any CPU
		{1F1D63BF-72F9-46FB-A946-F740D8F20928}.Debug|x86.Build.0 = Debug|Any CPU
		{1F1D63BF-72F9-46FB-A946-F740D8F20928}.Release|Any CPU.ActiveCfg = Release|Any CPU
		{1F1D63BF-72F9-46FB-A946-F740D8F20928}.Release|Any CPU.Build.0 = Release|Any CPU
		{1F1D63BF-72F9-46FB-A946-F740D8F20928}.Release|x64.ActiveCfg = Release|Any CPU
		{1F1D63BF-72F9-46FB-A946-F740D8F20928}.Release|x64.Build.0 = Release|Any CPU
		{1F1D63BF-72F9-46FB-A946-F740D8F20928}.Release|x86.ActiveCfg = Release|Any CPU
		{1F1D63BF-72F9-46FB-A946-F740D8F20928}.Release|x86.Build.0 = Release|Any CPU
		{41F7EB73-2C92-4169-A2CC-0F1C534E1EC7}.Debug|Any CPU.ActiveCfg = Debug|Any CPU
		{41F7EB73-2C92-4169-A2CC-0F1C534E1EC7}.Debug|Any CPU.Build.0 = Debug|Any CPU
		{41F7EB73-2C92-4169-A2CC-0F1C534E1EC7}.Debug|x64.ActiveCfg = Debug|Any CPU
		{41F7EB73-2C92-4169-A2CC-0F1C534E1EC7}.Debug|x64.Build.0 = Debug|Any CPU
		{41F7EB73-2C92-4169-A2CC-0F1C534E1EC7}.Debug|x86.ActiveCfg = Debug|Any CPU
		{41F7EB73-2C92-4169-A2CC-0F1C534E1EC7}.Debug|x86.Build.0 = Debug|Any CPU
		{41F7EB73-2C92-4169-A2CC-0F1C534E1EC7}.Release|Any CPU.ActiveCfg = Release|Any CPU
		{41F7EB73-2C92-4169-A2CC-0F1C534E1EC7}.Release|Any CPU.Build.0 = Release|Any CPU
		{41F7EB73-2C92-4169-A2CC-0F1C534E1EC7}.Release|x64.ActiveCfg = Release|Any CPU
		{41F7EB73-2C92-4169-A2CC-0F1C534E1EC7}.Release|x64.Build.0 = Release|Any CPU
		{41F7EB73-2C92-4169-A2CC-0F1C534E1EC7}.Release|x86.ActiveCfg = Release|Any CPU
		{41F7EB73-2C92-4169-A2CC-0F1C534E1EC7}.Release|x86.Build.0 = Release|Any CPU
		{D3EFDBE7-9E02-446C-8E72-0156148BA790}.Debug|Any CPU.ActiveCfg = Debug|Any CPU
		{D3EFDBE7-9E02-446C-8E72-0156148BA790}.Debug|Any CPU.Build.0 = Debug|Any CPU
		{D3EFDBE7-9E02-446C-8E72-0156148BA790}.Debug|x64.ActiveCfg = Debug|Any CPU
		{D3EFDBE7-9E02-446C-8E72-0156148BA790}.Debug|x64.Build.0 = Debug|Any CPU
		{D3EFDBE7-9E02-446C-8E72-0156148BA790}.Debug|x86.ActiveCfg = Debug|Any CPU
		{D3EFDBE7-9E02-446C-8E72-0156148BA790}.Debug|x86.Build.0 = Debug|Any CPU
		{D3EFDBE7-9E02-446C-8E72-0156148BA790}.Release|Any CPU.ActiveCfg = Release|Any CPU
		{D3EFDBE7-9E02-446C-8E72-0156148BA790}.Release|Any CPU.Build.0 = Release|Any CPU
		{D3EFDBE7-9E02-446C-8E72-0156148BA790}.Release|x64.ActiveCfg = Release|Any CPU
		{D3EFDBE7-9E02-446C-8E72-0156148BA790}.Release|x64.Build.0 = Release|Any CPU
		{D3EFDBE7-9E02-446C-8E72-0156148BA790}.Release|x86.ActiveCfg = Release|Any CPU
		{D3EFDBE7-9E02-446C-8E72-0156148BA790}.Release|x86.Build.0 = Release|Any CPU
		{F859D83B-9B1E-445C-9941-DC4F936D999D}.Debug|Any CPU.ActiveCfg = Debug|Any CPU
		{F859D83B-9B1E-445C-9941-DC4F936D999D}.Debug|Any CPU.Build.0 = Debug|Any CPU
		{F859D83B-9B1E-445C-9941-DC4F936D999D}.Debug|x64.ActiveCfg = Debug|Any CPU
		{F859D83B-9B1E-445C-9941-DC4F936D999D}.Debug|x64.Build.0 = Debug|Any CPU
		{F859D83B-9B1E-445C-9941-DC4F936D999D}.Debug|x86.ActiveCfg = Debug|Any CPU
		{F859D83B-9B1E-445C-9941-DC4F936D999D}.Debug|x86.Build.0 = Debug|Any CPU
		{F859D83B-9B1E-445C-9941-DC4F936D999D}.Release|Any CPU.ActiveCfg = Release|Any CPU
		{F859D83B-9B1E-445C-9941-DC4F936D999D}.Release|Any CPU.Build.0 = Release|Any CPU
		{F859D83B-9B1E-445C-9941-DC4F936D999D}.Release|x64.ActiveCfg = Release|Any CPU
		{F859D83B-9B1E-445C-9941-DC4F936D999D}.Release|x64.Build.0 = Release|Any CPU
		{F859D83B-9B1E-445C-9941-DC4F936D999D}.Release|x86.ActiveCfg = Release|Any CPU
		{F859D83B-9B1E-445C-9941-DC4F936D999D}.Release|x86.Build.0 = Release|Any CPU
		{EA1403C0-1BAA-48CD-9699-87F383607224}.Debug|Any CPU.ActiveCfg = Debug|Any CPU
		{EA1403C0-1BAA-48CD-9699-87F383607224}.Debug|Any CPU.Build.0 = Debug|Any CPU
		{EA1403C0-1BAA-48CD-9699-87F383607224}.Debug|x64.ActiveCfg = Debug|Any CPU
		{EA1403C0-1BAA-48CD-9699-87F383607224}.Debug|x64.Build.0 = Debug|Any CPU
		{EA1403C0-1BAA-48CD-9699-87F383607224}.Debug|x86.ActiveCfg = Debug|Any CPU
		{EA1403C0-1BAA-48CD-9699-87F383607224}.Debug|x86.Build.0 = Debug|Any CPU
		{EA1403C0-1BAA-48CD-9699-87F383607224}.Release|Any CPU.ActiveCfg = Release|Any CPU
		{EA1403C0-1BAA-48CD-9699-87F383607224}.Release|Any CPU.Build.0 = Release|Any CPU
		{EA1403C0-1BAA-48CD-9699-87F383607224}.Release|x64.ActiveCfg = Release|Any CPU
		{EA1403C0-1BAA-48CD-9699-87F383607224}.Release|x64.Build.0 = Release|Any CPU
		{EA1403C0-1BAA-48CD-9699-87F383607224}.Release|x86.ActiveCfg = Release|Any CPU
		{EA1403C0-1BAA-48CD-9699-87F383607224}.Release|x86.Build.0 = Release|Any CPU
		{3FAC6DE9-1002-40F7-AD18-1C31A97C9D69}.Debug|Any CPU.ActiveCfg = Debug|Any CPU
		{3FAC6DE9-1002-40F7-AD18-1C31A97C9D69}.Debug|Any CPU.Build.0 = Debug|Any CPU
		{3FAC6DE9-1002-40F7-AD18-1C31A97C9D69}.Debug|x64.ActiveCfg = Debug|Any CPU
		{3FAC6DE9-1002-40F7-AD18-1C31A97C9D69}.Debug|x64.Build.0 = Debug|Any CPU
		{3FAC6DE9-1002-40F7-AD18-1C31A97C9D69}.Debug|x86.ActiveCfg = Debug|Any CPU
		{3FAC6DE9-1002-40F7-AD18-1C31A97C9D69}.Debug|x86.Build.0 = Debug|Any CPU
		{3FAC6DE9-1002-40F7-AD18-1C31A97C9D69}.Release|Any CPU.ActiveCfg = Release|Any CPU
		{3FAC6DE9-1002-40F7-AD18-1C31A97C9D69}.Release|Any CPU.Build.0 = Release|Any CPU
		{3FAC6DE9-1002-40F7-AD18-1C31A97C9D69}.Release|x64.ActiveCfg = Release|Any CPU
		{3FAC6DE9-1002-40F7-AD18-1C31A97C9D69}.Release|x64.Build.0 = Release|Any CPU
		{3FAC6DE9-1002-40F7-AD18-1C31A97C9D69}.Release|x86.ActiveCfg = Release|Any CPU
		{3FAC6DE9-1002-40F7-AD18-1C31A97C9D69}.Release|x86.Build.0 = Release|Any CPU
		{400EDA34-DC3E-44E5-8E29-F0B8618673B5}.Debug|Any CPU.ActiveCfg = Debug|Any CPU
		{400EDA34-DC3E-44E5-8E29-F0B8618673B5}.Debug|Any CPU.Build.0 = Debug|Any CPU
		{400EDA34-DC3E-44E5-8E29-F0B8618673B5}.Debug|x64.ActiveCfg = Debug|Any CPU
		{400EDA34-DC3E-44E5-8E29-F0B8618673B5}.Debug|x64.Build.0 = Debug|Any CPU
		{400EDA34-DC3E-44E5-8E29-F0B8618673B5}.Debug|x86.ActiveCfg = Debug|Any CPU
		{400EDA34-DC3E-44E5-8E29-F0B8618673B5}.Debug|x86.Build.0 = Debug|Any CPU
		{400EDA34-DC3E-44E5-8E29-F0B8618673B5}.Release|Any CPU.ActiveCfg = Release|Any CPU
		{400EDA34-DC3E-44E5-8E29-F0B8618673B5}.Release|Any CPU.Build.0 = Release|Any CPU
		{400EDA34-DC3E-44E5-8E29-F0B8618673B5}.Release|x64.ActiveCfg = Release|Any CPU
		{400EDA34-DC3E-44E5-8E29-F0B8618673B5}.Release|x64.Build.0 = Release|Any CPU
		{400EDA34-DC3E-44E5-8E29-F0B8618673B5}.Release|x86.ActiveCfg = Release|Any CPU
		{400EDA34-DC3E-44E5-8E29-F0B8618673B5}.Release|x86.Build.0 = Release|Any CPU
		{68CA152F-6E86-435A-89BD-F8B890142BF7}.Debug|Any CPU.ActiveCfg = Debug|Any CPU
		{68CA152F-6E86-435A-89BD-F8B890142BF7}.Debug|Any CPU.Build.0 = Debug|Any CPU
		{68CA152F-6E86-435A-89BD-F8B890142BF7}.Debug|x64.ActiveCfg = Debug|Any CPU
		{68CA152F-6E86-435A-89BD-F8B890142BF7}.Debug|x64.Build.0 = Debug|Any CPU
		{68CA152F-6E86-435A-89BD-F8B890142BF7}.Debug|x86.ActiveCfg = Debug|Any CPU
		{68CA152F-6E86-435A-89BD-F8B890142BF7}.Debug|x86.Build.0 = Debug|Any CPU
		{68CA152F-6E86-435A-89BD-F8B890142BF7}.Release|Any CPU.ActiveCfg = Release|Any CPU
		{68CA152F-6E86-435A-89BD-F8B890142BF7}.Release|Any CPU.Build.0 = Release|Any CPU
		{68CA152F-6E86-435A-89BD-F8B890142BF7}.Release|x64.ActiveCfg = Release|Any CPU
		{68CA152F-6E86-435A-89BD-F8B890142BF7}.Release|x64.Build.0 = Release|Any CPU
		{68CA152F-6E86-435A-89BD-F8B890142BF7}.Release|x86.ActiveCfg = Release|Any CPU
		{68CA152F-6E86-435A-89BD-F8B890142BF7}.Release|x86.Build.0 = Release|Any CPU
		{0896499B-D16A-4303-B54C-A850137D245D}.Debug|Any CPU.ActiveCfg = Debug|Any CPU
		{0896499B-D16A-4303-B54C-A850137D245D}.Debug|Any CPU.Build.0 = Debug|Any CPU
		{0896499B-D16A-4303-B54C-A850137D245D}.Debug|x64.ActiveCfg = Debug|Any CPU
		{0896499B-D16A-4303-B54C-A850137D245D}.Debug|x64.Build.0 = Debug|Any CPU
		{0896499B-D16A-4303-B54C-A850137D245D}.Debug|x86.ActiveCfg = Debug|Any CPU
		{0896499B-D16A-4303-B54C-A850137D245D}.Debug|x86.Build.0 = Debug|Any CPU
		{0896499B-D16A-4303-B54C-A850137D245D}.Release|Any CPU.ActiveCfg = Release|Any CPU
		{0896499B-D16A-4303-B54C-A850137D245D}.Release|Any CPU.Build.0 = Release|Any CPU
		{0896499B-D16A-4303-B54C-A850137D245D}.Release|x64.ActiveCfg = Release|Any CPU
		{0896499B-D16A-4303-B54C-A850137D245D}.Release|x64.Build.0 = Release|Any CPU
		{0896499B-D16A-4303-B54C-A850137D245D}.Release|x86.ActiveCfg = Release|Any CPU
		{0896499B-D16A-4303-B54C-A850137D245D}.Release|x86.Build.0 = Release|Any CPU
		{EBB6F194-27D3-4024-B766-E81D8AB73297}.Debug|Any CPU.ActiveCfg = Debug|Any CPU
		{EBB6F194-27D3-4024-B766-E81D8AB73297}.Debug|Any CPU.Build.0 = Debug|Any CPU
		{EBB6F194-27D3-4024-B766-E81D8AB73297}.Debug|x64.ActiveCfg = Debug|Any CPU
		{EBB6F194-27D3-4024-B766-E81D8AB73297}.Debug|x64.Build.0 = Debug|Any CPU
		{EBB6F194-27D3-4024-B766-E81D8AB73297}.Debug|x86.ActiveCfg = Debug|Any CPU
		{EBB6F194-27D3-4024-B766-E81D8AB73297}.Debug|x86.Build.0 = Debug|Any CPU
		{EBB6F194-27D3-4024-B766-E81D8AB73297}.Release|Any CPU.ActiveCfg = Release|Any CPU
		{EBB6F194-27D3-4024-B766-E81D8AB73297}.Release|Any CPU.Build.0 = Release|Any CPU
		{EBB6F194-27D3-4024-B766-E81D8AB73297}.Release|x64.ActiveCfg = Release|Any CPU
		{EBB6F194-27D3-4024-B766-E81D8AB73297}.Release|x64.Build.0 = Release|Any CPU
		{EBB6F194-27D3-4024-B766-E81D8AB73297}.Release|x86.ActiveCfg = Release|Any CPU
		{EBB6F194-27D3-4024-B766-E81D8AB73297}.Release|x86.Build.0 = Release|Any CPU
		{845E81AB-D728-4D57-9C68-9C0D6A22EE45}.Debug|Any CPU.ActiveCfg = Debug|Any CPU
		{845E81AB-D728-4D57-9C68-9C0D6A22EE45}.Debug|Any CPU.Build.0 = Debug|Any CPU
		{845E81AB-D728-4D57-9C68-9C0D6A22EE45}.Debug|x64.ActiveCfg = Debug|Any CPU
		{845E81AB-D728-4D57-9C68-9C0D6A22EE45}.Debug|x64.Build.0 = Debug|Any CPU
		{845E81AB-D728-4D57-9C68-9C0D6A22EE45}.Debug|x86.ActiveCfg = Debug|Any CPU
		{845E81AB-D728-4D57-9C68-9C0D6A22EE45}.Debug|x86.Build.0 = Debug|Any CPU
		{845E81AB-D728-4D57-9C68-9C0D6A22EE45}.Release|Any CPU.ActiveCfg = Release|Any CPU
		{845E81AB-D728-4D57-9C68-9C0D6A22EE45}.Release|Any CPU.Build.0 = Release|Any CPU
		{845E81AB-D728-4D57-9C68-9C0D6A22EE45}.Release|x64.ActiveCfg = Release|Any CPU
		{845E81AB-D728-4D57-9C68-9C0D6A22EE45}.Release|x64.Build.0 = Release|Any CPU
		{845E81AB-D728-4D57-9C68-9C0D6A22EE45}.Release|x86.ActiveCfg = Release|Any CPU
		{845E81AB-D728-4D57-9C68-9C0D6A22EE45}.Release|x86.Build.0 = Release|Any CPU
		{B7E2FAE9-0139-4F3A-BBF2-25A30EAB306B}.Debug|Any CPU.ActiveCfg = Debug|Any CPU
		{B7E2FAE9-0139-4F3A-BBF2-25A30EAB306B}.Debug|Any CPU.Build.0 = Debug|Any CPU
		{B7E2FAE9-0139-4F3A-BBF2-25A30EAB306B}.Debug|x64.ActiveCfg = Debug|Any CPU
		{B7E2FAE9-0139-4F3A-BBF2-25A30EAB306B}.Debug|x64.Build.0 = Debug|Any CPU
		{B7E2FAE9-0139-4F3A-BBF2-25A30EAB306B}.Debug|x86.ActiveCfg = Debug|Any CPU
		{B7E2FAE9-0139-4F3A-BBF2-25A30EAB306B}.Debug|x86.Build.0 = Debug|Any CPU
		{B7E2FAE9-0139-4F3A-BBF2-25A30EAB306B}.Release|Any CPU.ActiveCfg = Release|Any CPU
		{B7E2FAE9-0139-4F3A-BBF2-25A30EAB306B}.Release|Any CPU.Build.0 = Release|Any CPU
		{B7E2FAE9-0139-4F3A-BBF2-25A30EAB306B}.Release|x64.ActiveCfg = Release|Any CPU
		{B7E2FAE9-0139-4F3A-BBF2-25A30EAB306B}.Release|x64.Build.0 = Release|Any CPU
		{B7E2FAE9-0139-4F3A-BBF2-25A30EAB306B}.Release|x86.ActiveCfg = Release|Any CPU
		{B7E2FAE9-0139-4F3A-BBF2-25A30EAB306B}.Release|x86.Build.0 = Release|Any CPU
	EndGlobalSection
EndGlobal
